
Microsoft Visual Studio Solution File, Format Version 12.00
# Visual Studio 14
VisualStudioVersion = 14.0.22823.1
MinimumVisualStudioVersion = 10.0.40219.1
Project("{FAE04EC0-301F-11D3-BF4B-00C04F79EFBC}") = "Fiat Justitia", "Fiat Justitia\Fiat Justitia.csproj", "{94961E97-75FC-4A14-947F-B6DB05A9E91A}"
EndProject
Project("{2150E333-8FDC-42A3-9474-1A3956D46DE8}") = "Solution Items", "Solution Items", "{40CBE170-98D1-4C7A-87C7-AA6E4CA165DD}"
	ProjectSection(SolutionItems) = preProject
		..\README.txt = ..\README.txt
	EndProjectSection
EndProject
Global
	GlobalSection(SolutionConfigurationPlatforms) = preSolution
		Debug|ARM = Debug|ARM
		Debug|x64 = Debug|x64
		Debug|x86 = Debug|x86
		Release|ARM = Release|ARM
		Release|x64 = Release|x64
		Release|x86 = Release|x86
	EndGlobalSection
	GlobalSection(ProjectConfigurationPlatforms) = postSolution
		{94961E97-75FC-4A14-947F-B6DB05A9E91A}.Debug|ARM.ActiveCfg = Debug|ARM
		{94961E97-75FC-4A14-947F-B6DB05A9E91A}.Debug|ARM.Build.0 = Debug|ARM
		{94961E97-75FC-4A14-947F-B6DB05A9E91A}.Debug|ARM.Deploy.0 = Debug|ARM
		{94961E97-75FC-4A14-947F-B6DB05A9E91A}.Debug|x64.ActiveCfg = Debug|x64
		{94961E97-75FC-4A14-947F-B6DB05A9E91A}.Debug|x64.Build.0 = Debug|x64
		{94961E97-75FC-4A14-947F-B6DB05A9E91A}.Debug|x64.Deploy.0 = Debug|x64
		{94961E97-75FC-4A14-947F-B6DB05A9E91A}.Debug|x86.ActiveCfg = Debug|x86
		{94961E97-75FC-4A14-947F-B6DB05A9E91A}.Debug|x86.Build.0 = Debug|x86
		{94961E97-75FC-4A14-947F-B6DB05A9E91A}.Debug|x86.Deploy.0 = Debug|x86
		{94961E97-75FC-4A14-947F-B6DB05A9E91A}.Release|ARM.ActiveCfg = Release|ARM
		{94961E97-75FC-4A14-947F-B6DB05A9E91A}.Release|ARM.Build.0 = Release|ARM
		{94961E97-75FC-4A14-947F-B6DB05A9E91A}.Release|ARM.Deploy.0 = Release|ARM
		{94961E97-75FC-4A14-947F-B6DB05A9E91A}.Release|x64.ActiveCfg = Release|x64
		{94961E97-75FC-4A14-947F-B6DB05A9E91A}.Release|x64.Build.0 = Release|x64
		{94961E97-75FC-4A14-947F-B6DB05A9E91A}.Release|x64.Deploy.0 = Release|x64
		{94961E97-75FC-4A14-947F-B6DB05A9E91A}.Release|x86.ActiveCfg = Release|x86
		{94961E97-75FC-4A14-947F-B6DB05A9E91A}.Release|x86.Build.0 = Release|x86
		{94961E97-75FC-4A14-947F-B6DB05A9E91A}.Release|x86.Deploy.0 = Release|x86
	EndGlobalSection
	GlobalSection(SolutionProperties) = preSolution
		HideSolutionNode = FALSE
	EndGlobalSection
EndGlobal
